
Microsoft Visual Studio Solution File, Format Version 12.00
# Visual Studio Version 17
VisualStudioVersion = 17.6.33829.357
MinimumVisualStudioVersion = 10.0.40219.1
Project("{9A19103F-16F7-4668-BE54-9A1E7A4F7556}") = "MeetNow", "MeetNow\MeetNow.csproj", "{8F8B3593-9FCA-4EB2-8767-73DAACF9007F}"
EndProject
Project("{FAE04EC0-301F-11D3-BF4B-00C04F79EFBC}") = "MeetNow.Recording.Contracts", "MeetNow.Recording.Contracts\MeetNow.Recording.Contracts.csproj", "{FA127B7C-461B-43F4-AC28-339A63E31662}"
EndProject
Project("{FAE04EC0-301F-11D3-BF4B-00C04F79EFBC}") = "MeetNow.Recording.Core", "MeetNow.Recording.Core\MeetNow.Recording.Core.csproj", "{82D66B71-BA0A-4B49-93BB-84D815704695}"
EndProject
Project("{FAE04EC0-301F-11D3-BF4B-00C04F79EFBC}") = "MeetNow.Recording.Core.Tests", "MeetNow.Recording.Core.Tests\MeetNow.Recording.Core.Tests.csproj", "{893227D2-05DD-443E-B0EE-D2CAF9AABF6B}"
EndProject
Project("{FAE04EC0-301F-11D3-BF4B-00C04F79EFBC}") = "MeetNow.Recorder", "MeetNow.Recorder\MeetNow.Recorder.csproj", "{5F96B953-BD77-4497-B078-A4167B51BA0F}"
EndProject
Global
	GlobalSection(SolutionConfigurationPlatforms) = preSolution
		Debug|Any CPU = Debug|Any CPU
		Debug|x64 = Debug|x64
		Debug|x86 = Debug|x86
		Release|Any CPU = Release|Any CPU
		Release|x64 = Release|x64
		Release|x86 = Release|x86
	EndGlobalSection
	GlobalSection(ProjectConfigurationPlatforms) = postSolution
		{8F8B3593-9FCA-4EB2-8767-73DAACF9007F}.Debug|Any CPU.ActiveCfg = Debug|Any CPU
		{8F8B3593-9FCA-4EB2-8767-73DAACF9007F}.Debug|Any CPU.Build.0 = Debug|Any CPU
		{8F8B3593-9FCA-4EB2-8767-73DAACF9007F}.Debug|x64.ActiveCfg = Debug|x64
		{8F8B3593-9FCA-4EB2-8767-73DAACF9007F}.Debug|x64.Build.0 = Debug|x64
		{8F8B3593-9FCA-4EB2-8767-73DAACF9007F}.Debug|x86.ActiveCfg = Debug|Any CPU
		{8F8B3593-9FCA-4EB2-8767-73DAACF9007F}.Debug|x86.Build.0 = Debug|Any CPU
		{8F8B3593-9FCA-4EB2-8767-73DAACF9007F}.Release|Any CPU.ActiveCfg = Release|Any CPU
		{8F8B3593-9FCA-4EB2-8767-73DAACF9007F}.Release|Any CPU.Build.0 = Release|Any CPU
		{8F8B3593-9FCA-4EB2-8767-73DAACF9007F}.Release|x64.ActiveCfg = Release|x64
		{8F8B3593-9FCA-4EB2-8767-73DAACF9007F}.Release|x64.Build.0 = Release|x64
		{8F8B3593-9FCA-4EB2-8767-73DAACF9007F}.Release|x86.ActiveCfg = Release|Any CPU
		{8F8B3593-9FCA-4EB2-8767-73DAACF9007F}.Release|x86.Build.0 = Release|Any CPU
		{FA127B7C-461B-43F4-AC28-339A63E31662}.Debug|Any CPU.ActiveCfg = Debug|Any CPU
		{FA127B7C-461B-43F4-AC28-339A63E31662}.Debug|Any CPU.Build.0 = Debug|Any CPU
		{FA127B7C-461B-43F4-AC28-339A63E31662}.Debug|x64.ActiveCfg = Debug|Any CPU
		{FA127B7C-461B-43F4-AC28-339A63E31662}.Debug|x64.Build.0 = Debug|Any CPU
		{FA127B7C-461B-43F4-AC28-339A63E31662}.Debug|x86.ActiveCfg = Debug|Any CPU
		{FA127B7C-461B-43F4-AC28-339A63E31662}.Debug|x86.Build.0 = Debug|Any CPU
		{FA127B7C-461B-43F4-AC28-339A63E31662}.Release|Any CPU.ActiveCfg = Release|Any CPU
		{FA127B7C-461B-43F4-AC28-339A63E31662}.Release|Any CPU.Build.0 = Release|Any CPU
		{FA127B7C-461B-43F4-AC28-339A63E31662}.Release|x64.ActiveCfg = Release|Any CPU
		{FA127B7C-461B-43F4-AC28-339A63E31662}.Release|x64.Build.0 = Release|Any CPU
		{FA127B7C-461B-43F4-AC28-339A63E31662}.Release|x86.ActiveCfg = Release|Any CPU
		{FA127B7C-461B-43F4-AC28-339A63E31662}.Release|x86.Build.0 = Release|Any CPU
		{82D66B71-BA0A-4B49-93BB-84D815704695}.Debug|Any CPU.ActiveCfg = Debug|Any CPU
		{82D66B71-BA0A-4B49-93BB-84D815704695}.Debug|Any CPU.Build.0 = Debug|Any CPU
		{82D66B71-BA0A-4B49-93BB-84D815704695}.Debug|x64.ActiveCfg = Debug|Any CPU
		{82D66B71-BA0A-4B49-93BB-84D815704695}.Debug|x64.Build.0 = Debug|Any CPU
		{82D66B71-BA0A-4B49-93BB-84D815704695}.Debug|x86.ActiveCfg = Debug|Any CPU
		{82D66B71-BA0A-4B49-93BB-84D815704695}.Debug|x86.Build.0 = Debug|Any CPU
		{82D66B71-BA0A-4B49-93BB-84D815704695}.Release|Any CPU.ActiveCfg = Release|Any CPU
		{82D66B71-BA0A-4B49-93BB-84D815704695}.Release|Any CPU.Build.0 = Release|Any CPU
		{82D66B71-BA0A-4B49-93BB-84D815704695}.Release|x64.ActiveCfg = Release|Any CPU
		{82D66B71-BA0A-4B49-93BB-84D815704695}.Release|x64.Build.0 = Release|Any CPU
		{82D66B71-BA0A-4B49-93BB-84D815704695}.Release|x86.ActiveCfg = Release|Any CPU
		{82D66B71-BA0A-4B49-93BB-84D815704695}.Release|x86.Build.0 = Release|Any CPU
		{893227D2-05DD-443E-B0EE-D2CAF9AABF6B}.Debug|Any CPU.ActiveCfg = Debug|Any CPU
		{893227D2-05DD-443E-B0EE-D2CAF9AABF6B}.Debug|Any CPU.Build.0 = Debug|Any CPU
		{893227D2-05DD-443E-B0EE-D2CAF9AABF6B}.Debug|x64.ActiveCfg = Debug|Any CPU
		{893227D2-05DD-443E-B0EE-D2CAF9AABF6B}.Debug|x64.Build.0 = Debug|Any CPU
		{893227D2-05DD-443E-B0EE-D2CAF9AABF6B}.Debug|x86.ActiveCfg = Debug|Any CPU
		{893227D2-05DD-443E-B0EE-D2CAF9AABF6B}.Debug|x86.Build.0 = Debug|Any CPU
		{893227D2-05DD-443E-B0EE-D2CAF9AABF6B}.Release|Any CPU.ActiveCfg = Release|Any CPU
		{893227D2-05DD-443E-B0EE-D2CAF9AABF6B}.Release|Any CPU.Build.0 = Release|Any CPU
		{893227D2-05DD-443E-B0EE-D2CAF9AABF6B}.Release|x64.ActiveCfg = Release|Any CPU
		{893227D2-05DD-443E-B0EE-D2CAF9AABF6B}.Release|x64.Build.0 = Release|Any CPU
		{893227D2-05DD-443E-B0EE-D2CAF9AABF6B}.Release|x86.ActiveCfg = Release|Any CPU
		{893227D2-05DD-443E-B0EE-D2CAF9AABF6B}.Release|x86.Build.0 = Release|Any CPU
		{5F96B953-BD77-4497-B078-A4167B51BA0F}.Debug|Any CPU.ActiveCfg = Debug|Any CPU
		{5F96B953-BD77-4497-B078-A4167B51BA0F}.Debug|Any CPU.Build.0 = Debug|Any CPU
		{5F96B953-BD77-4497-B078-A4167B51BA0F}.Debug|x64.ActiveCfg = Debug|Any CPU
		{5F96B953-BD77-4497-B078-A4167B51BA0F}.Debug|x64.Build.0 = Debug|Any CPU
		{5F96B953-BD77-4497-B078-A4167B51BA0F}.Debug|x86.ActiveCfg = Debug|Any CPU
		{5F96B953-BD77-4497-B078-A4167B51BA0F}.Debug|x86.Build.0 = Debug|Any CPU
		{5F96B953-BD77-4497-B078-A4167B51BA0F}.Release|Any CPU.ActiveCfg = Release|Any CPU
		{5F96B953-BD77-4497-B078-A4167B51BA0F}.Release|Any CPU.Build.0 = Release|Any CPU
		{5F96B953-BD77-4497-B078-A4167B51BA0F}.Release|x64.ActiveCfg = Release|Any CPU
		{5F96B953-BD77-4497-B078-A4167B51BA0F}.Release|x64.Build.0 = Release|Any CPU
		{5F96B953-BD77-4497-B078-A4167B51BA0F}.Release|x86.ActiveCfg = Release|Any CPU
		{5F96B953-BD77-4497-B078-A4167B51BA0F}.Release|x86.Build.0 = Release|Any CPU
	EndGlobalSection
	GlobalSection(SolutionProperties) = preSolution
		HideSolutionNode = FALSE
	EndGlobalSection
	GlobalSection(ExtensibilityGlobals) = postSolution
		SolutionGuid = {9FF17E87-8BC4-4EE0-BFA3-F884A8C3E2B3}
	EndGlobalSection
EndGlobal
